// !$*UTF8*$!
{
	archiveVersion = 1;
	classes = {
	};
	objectVersion = 55;
	objects = {

/* Begin PBXBuildFile section */
		144CA0E92819371B0060A00D /* AppDelegate.swift in Sources */ = {isa = PBXBuildFile; fileRef = 144CA0E82819371B0060A00D /* AppDelegate.swift */; };
		144CA0EB2819371B0060A00D /* SceneDelegate.swift in Sources */ = {isa = PBXBuildFile; fileRef = 144CA0EA2819371B0060A00D /* SceneDelegate.swift */; };
		144CA0ED2819371B0060A00D /* ViewController.swift in Sources */ = {isa = PBXBuildFile; fileRef = 144CA0EC2819371B0060A00D /* ViewController.swift */; };
		144CA0F02819371B0060A00D /* Main.storyboard in Resources */ = {isa = PBXBuildFile; fileRef = 144CA0EE2819371B0060A00D /* Main.storyboard */; };
		144CA0F32819371B0060A00D /* Creatoria.xcdatamodeld in Sources */ = {isa = PBXBuildFile; fileRef = 144CA0F12819371B0060A00D /* Creatoria.xcdatamodeld */; };
		144CA0F52819371C0060A00D /* Assets.xcassets in Resources */ = {isa = PBXBuildFile; fileRef = 144CA0F42819371C0060A00D /* Assets.xcassets */; };
		144CA0F82819371C0060A00D /* LaunchScreen.storyboard in Resources */ = {isa = PBXBuildFile; fileRef = 144CA0F62819371C0060A00D /* LaunchScreen.storyboard */; };
		144CA16328194AAB0060A00D /* Extension.swift in Sources */ = {isa = PBXBuildFile; fileRef = 144CA16228194AAB0060A00D /* Extension.swift */; };
		144CA16528194C780060A00D /* TabBarController.swift in Sources */ = {isa = PBXBuildFile; fileRef = 144CA16428194C780060A00D /* TabBarController.swift */; };
		144CA1672819673B0060A00D /* ProjectController.swift in Sources */ = {isa = PBXBuildFile; fileRef = 144CA1662819673B0060A00D /* ProjectController.swift */; };
		144CA179281980FA0060A00D /* AddImageController.swift in Sources */ = {isa = PBXBuildFile; fileRef = 144CA178281980FA0060A00D /* AddImageController.swift */; };
		144CA17B281981160060A00D /* AddProjectController.swift in Sources */ = {isa = PBXBuildFile; fileRef = 144CA17A281981160060A00D /* AddProjectController.swift */; };
		144CA17D2819888F0060A00D /* AddVideoController.swift in Sources */ = {isa = PBXBuildFile; fileRef = 144CA17C2819888F0060A00D /* AddVideoController.swift */; };
		144CA17F281988A40060A00D /* AddSoundController.swift in Sources */ = {isa = PBXBuildFile; fileRef = 144CA17E281988A40060A00D /* AddSoundController.swift */; };
		144CA18128199E410060A00D /* CatalogCategory.swift in Sources */ = {isa = PBXBuildFile; fileRef = 144CA18028199E410060A00D /* CatalogCategory.swift */; };
		144CA1832819B05E0060A00D /* Project_detail.swift in Sources */ = {isa = PBXBuildFile; fileRef = 144CA1822819B05E0060A00D /* Project_detail.swift */; };
		14838B06281AAEEF00C3971F /* ProjectCell.swift in Sources */ = {isa = PBXBuildFile; fileRef = 14838B05281AAEEF00C3971F /* ProjectCell.swift */; };
		14838B08281ABB4D00C3971F /* ProjectTableCell.swift in Sources */ = {isa = PBXBuildFile; fileRef = 14838B07281ABB4D00C3971F /* ProjectTableCell.swift */; };
		14838B0A281ACE4300C3971F /* AssetTableCell.swift in Sources */ = {isa = PBXBuildFile; fileRef = 14838B09281ACE4300C3971F /* AssetTableCell.swift */; };
		14838B3C281AEC0B00C3971F /* Asset_detail.swift in Sources */ = {isa = PBXBuildFile; fileRef = 14838B3B281AEC0B00C3971F /* Asset_detail.swift */; };
		14838B65281B17A400C3971F /* Projects+CoreDataClass.swift in Sources */ = {isa = PBXBuildFile; fileRef = 14838B5D281B17A400C3971F /* Projects+CoreDataClass.swift */; };
		14838B66281B17A400C3971F /* Projects+CoreDataProperties.swift in Sources */ = {isa = PBXBuildFile; fileRef = 14838B5E281B17A400C3971F /* Projects+CoreDataProperties.swift */; };
		14838B67281B17A400C3971F /* AsseProj+CoreDataClass.swift in Sources */ = {isa = PBXBuildFile; fileRef = 14838B5F281B17A400C3971F /* AsseProj+CoreDataClass.swift */; };
		14838B68281B17A400C3971F /* AsseProj+CoreDataProperties.swift in Sources */ = {isa = PBXBuildFile; fileRef = 14838B60281B17A400C3971F /* AsseProj+CoreDataProperties.swift */; };
		14838B69281B17A400C3971F /* Folder+CoreDataClass.swift in Sources */ = {isa = PBXBuildFile; fileRef = 14838B61281B17A400C3971F /* Folder+CoreDataClass.swift */; };
		14838B6A281B17A400C3971F /* Folder+CoreDataProperties.swift in Sources */ = {isa = PBXBuildFile; fileRef = 14838B62281B17A400C3971F /* Folder+CoreDataProperties.swift */; };
		14838B6F281B1AEC00C3971F /* Assets+CoreDataClass.swift in Sources */ = {isa = PBXBuildFile; fileRef = 14838B6D281B1AEC00C3971F /* Assets+CoreDataClass.swift */; };
		14838B70281B1AEC00C3971F /* Assets+CoreDataProperties.swift in Sources */ = {isa = PBXBuildFile; fileRef = 14838B6E281B1AEC00C3971F /* Assets+CoreDataProperties.swift */; };
		14838B72281B20A200C3971F /* AssetCellTableViewCell.swift in Sources */ = {isa = PBXBuildFile; fileRef = 14838B71281B20A200C3971F /* AssetCellTableViewCell.swift */; };
/* End PBXBuildFile section */

/* Begin PBXFileReference section */
		144CA0E52819371B0060A00D /* Creatoria.app */ = {isa = PBXFileReference; explicitFileType = wrapper.application; includeInIndex = 0; path = Creatoria.app; sourceTree = BUILT_PRODUCTS_DIR; };
		144CA0E82819371B0060A00D /* AppDelegate.swift */ = {isa = PBXFileReference; lastKnownFileType = sourcecode.swift; path = AppDelegate.swift; sourceTree = "<group>"; };
		144CA0EA2819371B0060A00D /* SceneDelegate.swift */ = {isa = PBXFileReference; lastKnownFileType = sourcecode.swift; path = SceneDelegate.swift; sourceTree = "<group>"; };
		144CA0EC2819371B0060A00D /* ViewController.swift */ = {isa = PBXFileReference; lastKnownFileType = sourcecode.swift; path = ViewController.swift; sourceTree = "<group>"; };
		144CA0EF2819371B0060A00D /* Base */ = {isa = PBXFileReference; lastKnownFileType = file.storyboard; name = Base; path = Base.lproj/Main.storyboard; sourceTree = "<group>"; };
		144CA0F22819371B0060A00D /* Creatoria.xcdatamodel */ = {isa = PBXFileReference; lastKnownFileType = wrapper.xcdatamodel; path = Creatoria.xcdatamodel; sourceTree = "<group>"; };
		144CA0F42819371C0060A00D /* Assets.xcassets */ = {isa = PBXFileReference; lastKnownFileType = folder.assetcatalog; path = Assets.xcassets; sourceTree = "<group>"; };
		144CA0F72819371C0060A00D /* Base */ = {isa = PBXFileReference; lastKnownFileType = file.storyboard; name = Base; path = Base.lproj/LaunchScreen.storyboard; sourceTree = "<group>"; };
		144CA0F92819371C0060A00D /* Info.plist */ = {isa = PBXFileReference; lastKnownFileType = text.plist.xml; path = Info.plist; sourceTree = "<group>"; };
		144CA16228194AAB0060A00D /* Extension.swift */ = {isa = PBXFileReference; lastKnownFileType = sourcecode.swift; path = Extension.swift; sourceTree = "<group>"; };
		144CA16428194C780060A00D /* TabBarController.swift */ = {isa = PBXFileReference; lastKnownFileType = sourcecode.swift; path = TabBarController.swift; sourceTree = "<group>"; };
		144CA1662819673B0060A00D /* ProjectController.swift */ = {isa = PBXFileReference; lastKnownFileType = sourcecode.swift; path = ProjectController.swift; sourceTree = "<group>"; };
		144CA178281980FA0060A00D /* AddImageController.swift */ = {isa = PBXFileReference; lastKnownFileType = sourcecode.swift; path = AddImageController.swift; sourceTree = "<group>"; };
		144CA17A281981160060A00D /* AddProjectController.swift */ = {isa = PBXFileReference; lastKnownFileType = sourcecode.swift; path = AddProjectController.swift; sourceTree = "<group>"; };
		144CA17C2819888F0060A00D /* AddVideoController.swift */ = {isa = PBXFileReference; lastKnownFileType = sourcecode.swift; path = AddVideoController.swift; sourceTree = "<group>"; };
		144CA17E281988A40060A00D /* AddSoundController.swift */ = {isa = PBXFileReference; lastKnownFileType = sourcecode.swift; path = AddSoundController.swift; sourceTree = "<group>"; };
		144CA18028199E410060A00D /* CatalogCategory.swift */ = {isa = PBXFileReference; lastKnownFileType = sourcecode.swift; path = CatalogCategory.swift; sourceTree = "<group>"; };
		144CA1822819B05E0060A00D /* Project_detail.swift */ = {isa = PBXFileReference; lastKnownFileType = sourcecode.swift; path = Project_detail.swift; sourceTree = "<group>"; };
		14838B05281AAEEF00C3971F /* ProjectCell.swift */ = {isa = PBXFileReference; lastKnownFileType = sourcecode.swift; path = ProjectCell.swift; sourceTree = "<group>"; };
		14838B07281ABB4D00C3971F /* ProjectTableCell.swift */ = {isa = PBXFileReference; lastKnownFileType = sourcecode.swift; path = ProjectTableCell.swift; sourceTree = "<group>"; };
		14838B09281ACE4300C3971F /* AssetTableCell.swift */ = {isa = PBXFileReference; lastKnownFileType = sourcecode.swift; path = AssetTableCell.swift; sourceTree = "<group>"; };
		14838B3B281AEC0B00C3971F /* Asset_detail.swift */ = {isa = PBXFileReference; lastKnownFileType = sourcecode.swift; path = Asset_detail.swift; sourceTree = "<group>"; };
		14838B5D281B17A400C3971F /* Projects+CoreDataClass.swift */ = {isa = PBXFileReference; lastKnownFileType = sourcecode.swift; path = "Projects+CoreDataClass.swift"; sourceTree = "<group>"; };
		14838B5E281B17A400C3971F /* Projects+CoreDataProperties.swift */ = {isa = PBXFileReference; lastKnownFileType = sourcecode.swift; path = "Projects+CoreDataProperties.swift"; sourceTree = "<group>"; };
		14838B5F281B17A400C3971F /* AsseProj+CoreDataClass.swift */ = {isa = PBXFileReference; lastKnownFileType = sourcecode.swift; path = "AsseProj+CoreDataClass.swift"; sourceTree = "<group>"; };
		14838B60281B17A400C3971F /* AsseProj+CoreDataProperties.swift */ = {isa = PBXFileReference; lastKnownFileType = sourcecode.swift; path = "AsseProj+CoreDataProperties.swift"; sourceTree = "<group>"; };
		14838B61281B17A400C3971F /* Folder+CoreDataClass.swift */ = {isa = PBXFileReference; lastKnownFileType = sourcecode.swift; path = "Folder+CoreDataClass.swift"; sourceTree = "<group>"; };
		14838B62281B17A400C3971F /* Folder+CoreDataProperties.swift */ = {isa = PBXFileReference; lastKnownFileType = sourcecode.swift; path = "Folder+CoreDataProperties.swift"; sourceTree = "<group>"; };
		14838B6D281B1AEC00C3971F /* Assets+CoreDataClass.swift */ = {isa = PBXFileReference; lastKnownFileType = sourcecode.swift; path = "Assets+CoreDataClass.swift"; sourceTree = "<group>"; };
		14838B6E281B1AEC00C3971F /* Assets+CoreDataProperties.swift */ = {isa = PBXFileReference; lastKnownFileType = sourcecode.swift; path = "Assets+CoreDataProperties.swift"; sourceTree = "<group>"; };
		14838B71281B20A200C3971F /* AssetCellTableViewCell.swift */ = {isa = PBXFileReference; lastKnownFileType = sourcecode.swift; path = AssetCellTableViewCell.swift; sourceTree = "<group>"; };
/* End PBXFileReference section */

/* Begin PBXFrameworksBuildPhase section */
		144CA0E22819371B0060A00D /* Frameworks */ = {
			isa = PBXFrameworksBuildPhase;
			buildActionMask = 2147483647;
			files = (
			);
			runOnlyForDeploymentPostprocessing = 0;
		};
/* End PBXFrameworksBuildPhase section */

/* Begin PBXGroup section */
		144CA0DC2819371B0060A00D = {
			isa = PBXGroup;
			children = (
				144CA0E72819371B0060A00D /* Creatoria */,
				144CA0E62819371B0060A00D /* Products */,
			);
			sourceTree = "<group>";
		};
		144CA0E62819371B0060A00D /* Products */ = {
			isa = PBXGroup;
			children = (
				144CA0E52819371B0060A00D /* Creatoria.app */,
			);
			name = Products;
			sourceTree = "<group>";
		};
		144CA0E72819371B0060A00D /* Creatoria */ = {
			isa = PBXGroup;
			children = (
				144CA145281941C40060A00D /* Models */,
				144CA0E82819371B0060A00D /* AppDelegate.swift */,
				144CA16228194AAB0060A00D /* Extension.swift */,
				14838B09281ACE4300C3971F /* AssetTableCell.swift */,
				144CA0EA2819371B0060A00D /* SceneDelegate.swift */,
				144CA16428194C780060A00D /* TabBarController.swift */,
				144CA17E281988A40060A00D /* AddSoundController.swift */,
				144CA17C2819888F0060A00D /* AddVideoController.swift */,
				144CA17A281981160060A00D /* AddProjectController.swift */,
				14838B71281B20A200C3971F /* AssetCellTableViewCell.swift */,
				14838B3B281AEC0B00C3971F /* Asset_detail.swift */,
				144CA1822819B05E0060A00D /* Project_detail.swift */,
				144CA178281980FA0060A00D /* AddImageController.swift */,
				144CA18028199E410060A00D /* CatalogCategory.swift */,
				144CA0EC2819371B0060A00D /* ViewController.swift */,
				144CA1662819673B0060A00D /* ProjectController.swift */,
				14838B07281ABB4D00C3971F /* ProjectTableCell.swift */,
				144CA0EE2819371B0060A00D /* Main.storyboard */,
				144CA0F42819371C0060A00D /* Assets.xcassets */,
				144CA0F62819371C0060A00D /* LaunchScreen.storyboard */,
				14838B05281AAEEF00C3971F /* ProjectCell.swift */,
				144CA0F92819371C0060A00D /* Info.plist */,
				144CA0F12819371B0060A00D /* Creatoria.xcdatamodeld */,
			);
			path = Creatoria;
			sourceTree = "<group>";
		};
		144CA145281941C40060A00D /* Models */ = {
			isa = PBXGroup;
			children = (
				14838B5D281B17A400C3971F /* Projects+CoreDataClass.swift */,
				14838B5E281B17A400C3971F /* Projects+CoreDataProperties.swift */,
				14838B5F281B17A400C3971F /* AsseProj+CoreDataClass.swift */,
				14838B60281B17A400C3971F /* AsseProj+CoreDataProperties.swift */,
				14838B6D281B1AEC00C3971F /* Assets+CoreDataClass.swift */,
				14838B6E281B1AEC00C3971F /* Assets+CoreDataProperties.swift */,
				14838B61281B17A400C3971F /* Folder+CoreDataClass.swift */,
				14838B62281B17A400C3971F /* Folder+CoreDataProperties.swift */,
			);
			path = Models;
			sourceTree = "<group>";
		};
/* End PBXGroup section */

/* Begin PBXNativeTarget section */
		144CA0E42819371B0060A00D /* Creatoria */ = {
			isa = PBXNativeTarget;
			buildConfigurationList = 144CA0FC2819371C0060A00D /* Build configuration list for PBXNativeTarget "Creatoria" */;
			buildPhases = (
				144CA0E12819371B0060A00D /* Sources */,
				144CA0E22819371B0060A00D /* Frameworks */,
				144CA0E32819371B0060A00D /* Resources */,
			);
			buildRules = (
			);
			dependencies = (
			);
			name = Creatoria;
			productName = Creatoria;
			productReference = 144CA0E52819371B0060A00D /* Creatoria.app */;
			productType = "com.apple.product-type.application";
		};
/* End PBXNativeTarget section */

/* Begin PBXProject section */
		144CA0DD2819371B0060A00D /* Project object */ = {
			isa = PBXProject;
			attributes = {
				BuildIndependentTargetsInParallel = 1;
				LastSwiftUpdateCheck = 1330;
				LastUpgradeCheck = 1330;
				TargetAttributes = {
					144CA0E42819371B0060A00D = {
						CreatedOnToolsVersion = 13.3;
					};
				};
			};
			buildConfigurationList = 144CA0E02819371B0060A00D /* Build configuration list for PBXProject "Creatoria" */;
			compatibilityVersion = "Xcode 13.0";
			developmentRegion = en;
			hasScannedForEncodings = 0;
			knownRegions = (
				en,
				Base,
			);
			mainGroup = 144CA0DC2819371B0060A00D;
			productRefGroup = 144CA0E62819371B0060A00D /* Products */;
			projectDirPath = "";
			projectRoot = "";
			targets = (
				144CA0E42819371B0060A00D /* Creatoria */,
			);
		};
/* End PBXProject section */

/* Begin PBXResourcesBuildPhase section */
		144CA0E32819371B0060A00D /* Resources */ = {
			isa = PBXResourcesBuildPhase;
			buildActionMask = 2147483647;
			files = (
				144CA0F82819371C0060A00D /* LaunchScreen.storyboard in Resources */,
				144CA0F52819371C0060A00D /* Assets.xcassets in Resources */,
				144CA0F02819371B0060A00D /* Main.storyboard in Resources */,
			);
			runOnlyForDeploymentPostprocessing = 0;
		};
/* End PBXResourcesBuildPhase section */

/* Begin PBXSourcesBuildPhase section */
		144CA0E12819371B0060A00D /* Sources */ = {
			isa = PBXSourcesBuildPhase;
			buildActionMask = 2147483647;
			files = (
				144CA1672819673B0060A00D /* ProjectController.swift in Sources */,
				14838B6A281B17A400C3971F /* Folder+CoreDataProperties.swift in Sources */,
				14838B67281B17A400C3971F /* AsseProj+CoreDataClass.swift in Sources */,
				144CA0F32819371B0060A00D /* Creatoria.xcdatamodeld in Sources */,
				144CA0ED2819371B0060A00D /* ViewController.swift in Sources */,
				14838B66281B17A400C3971F /* Projects+CoreDataProperties.swift in Sources */,
				14838B65281B17A400C3971F /* Projects+CoreDataClass.swift in Sources */,
				144CA179281980FA0060A00D /* AddImageController.swift in Sources */,
				144CA18128199E410060A00D /* CatalogCategory.swift in Sources */,
				14838B0A281ACE4300C3971F /* AssetTableCell.swift in Sources */,
				144CA0E92819371B0060A00D /* AppDelegate.swift in Sources */,
				14838B68281B17A400C3971F /* AsseProj+CoreDataProperties.swift in Sources */,
				14838B72281B20A200C3971F /* AssetCellTableViewCell.swift in Sources */,
				144CA0EB2819371B0060A00D /* SceneDelegate.swift in Sources */,
				14838B08281ABB4D00C3971F /* ProjectTableCell.swift in Sources */,
				144CA16528194C780060A00D /* TabBarController.swift in Sources */,
				144CA1832819B05E0060A00D /* Project_detail.swift in Sources */,
				144CA17B281981160060A00D /* AddProjectController.swift in Sources */,
				14838B06281AAEEF00C3971F /* ProjectCell.swift in Sources */,
				144CA16328194AAB0060A00D /* Extension.swift in Sources */,
				14838B70281B1AEC00C3971F /* Assets+CoreDataProperties.swift in Sources */,
				144CA17D2819888F0060A00D /* AddVideoController.swift in Sources */,
				144CA17F281988A40060A00D /* AddSoundController.swift in Sources */,
				14838B69281B17A400C3971F /* Folder+CoreDataClass.swift in Sources */,
				14838B3C281AEC0B00C3971F /* Asset_detail.swift in Sources */,
				14838B6F281B1AEC00C3971F /* Assets+CoreDataClass.swift in Sources */,
			);
			runOnlyForDeploymentPostprocessing = 0;
		};
/* End PBXSourcesBuildPhase section */

/* Begin PBXVariantGroup section */
		144CA0EE2819371B0060A00D /* Main.storyboard */ = {
			isa = PBXVariantGroup;
			children = (
				144CA0EF2819371B0060A00D /* Base */,
			);
			name = Main.storyboard;
			sourceTree = "<group>";
		};
		144CA0F62819371C0060A00D /* LaunchScreen.storyboard */ = {
			isa = PBXVariantGroup;
			children = (
				144CA0F72819371C0060A00D /* Base */,
			);
			name = LaunchScreen.storyboard;
			sourceTree = "<group>";
		};
/* End PBXVariantGroup section */

/* Begin XCBuildConfiguration section */
		144CA0FA2819371C0060A00D /* Debug */ = {
			isa = XCBuildConfiguration;
			buildSettings = {
				ALWAYS_SEARCH_USER_PATHS = NO;
				CLANG_ANALYZER_NONNULL = YES;
				CLANG_ANALYZER_NUMBER_OBJECT_CONVERSION = YES_AGGRESSIVE;
				CLANG_CXX_LANGUAGE_STANDARD = "gnu++17";
				CLANG_ENABLE_MODULES = YES;
				CLANG_ENABLE_OBJC_ARC = YES;
				CLANG_ENABLE_OBJC_WEAK = YES;
				CLANG_WARN_BLOCK_CAPTURE_AUTORELEASING = YES;
				CLANG_WARN_BOOL_CONVERSION = YES;
				CLANG_WARN_COMMA = YES;
				CLANG_WARN_CONSTANT_CONVERSION = YES;
				CLANG_WARN_DEPRECATED_OBJC_IMPLEMENTATIONS = YES;
				CLANG_WARN_DIRECT_OBJC_ISA_USAGE = YES_ERROR;
				CLANG_WARN_DOCUMENTATION_COMMENTS = YES;
				CLANG_WARN_EMPTY_BODY = YES;
				CLANG_WARN_ENUM_CONVERSION = YES;
				CLANG_WARN_INFINITE_RECURSION = YES;
				CLANG_WARN_INT_CONVERSION = YES;
				CLANG_WARN_NON_LITERAL_NULL_CONVERSION = YES;
				CLANG_WARN_OBJC_IMPLICIT_RETAIN_SELF = YES;
				CLANG_WARN_OBJC_LITERAL_CONVERSION = YES;
				CLANG_WARN_OBJC_ROOT_CLASS = YES_ERROR;
				CLANG_WARN_QUOTED_INCLUDE_IN_FRAMEWORK_HEADER = YES;
				CLANG_WARN_RANGE_LOOP_ANALYSIS = YES;
				CLANG_WARN_STRICT_PROTOTYPES = YES;
				CLANG_WARN_SUSPICIOUS_MOVE = YES;
				CLANG_WARN_UNGUARDED_AVAILABILITY = YES_AGGRESSIVE;
				CLANG_WARN_UNREACHABLE_CODE = YES;
				CLANG_WARN__DUPLICATE_METHOD_MATCH = YES;
				COPY_PHASE_STRIP = NO;
				DEBUG_INFORMATION_FORMAT = dwarf;
				ENABLE_STRICT_OBJC_MSGSEND = YES;
				ENABLE_TESTABILITY = YES;
				GCC_C_LANGUAGE_STANDARD = gnu11;
				GCC_DYNAMIC_NO_PIC = NO;
				GCC_NO_COMMON_BLOCKS = YES;
				GCC_OPTIMIZATION_LEVEL = 0;
				GCC_PREPROCESSOR_DEFINITIONS = (
					"DEBUG=1",
					"$(inherited)",
				);
				GCC_WARN_64_TO_32_BIT_CONVERSION = YES;
				GCC_WARN_ABOUT_RETURN_TYPE = YES_ERROR;
				GCC_WARN_UNDECLARED_SELECTOR = YES;
				GCC_WARN_UNINITIALIZED_AUTOS = YES_AGGRESSIVE;
				GCC_WARN_UNUSED_FUNCTION = YES;
				GCC_WARN_UNUSED_VARIABLE = YES;
				IPHONEOS_DEPLOYMENT_TARGET = 15.4;
				MTL_ENABLE_DEBUG_INFO = INCLUDE_SOURCE;
				MTL_FAST_MATH = YES;
				ONLY_ACTIVE_ARCH = YES;
				SDKROOT = iphoneos;
				SWIFT_ACTIVE_COMPILATION_CONDITIONS = DEBUG;
				SWIFT_OPTIMIZATION_LEVEL = "-Onone";
			};
			name = Debug;
		};
		144CA0FB2819371C0060A00D /* Release */ = {
			isa = XCBuildConfiguration;
			buildSettings = {
				ALWAYS_SEARCH_USER_PATHS = NO;
				CLANG_ANALYZER_NONNULL = YES;
				CLANG_ANALYZER_NUMBER_OBJECT_CONVERSION = YES_AGGRESSIVE;
				CLANG_CXX_LANGUAGE_STANDARD = "gnu++17";
				CLANG_ENABLE_MODULES = YES;
				CLANG_ENABLE_OBJC_ARC = YES;
				CLANG_ENABLE_OBJC_WEAK = YES;
				CLANG_WARN_BLOCK_CAPTURE_AUTORELEASING = YES;
				CLANG_WARN_BOOL_CONVERSION = YES;
				CLANG_WARN_COMMA = YES;
				CLANG_WARN_CONSTANT_CONVERSION = YES;
				CLANG_WARN_DEPRECATED_OBJC_IMPLEMENTATIONS = YES;
				CLANG_WARN_DIRECT_OBJC_ISA_USAGE = YES_ERROR;
				CLANG_WARN_DOCUMENTATION_COMMENTS = YES;
				CLANG_WARN_EMPTY_BODY = YES;
				CLANG_WARN_ENUM_CONVERSION = YES;
				CLANG_WARN_INFINITE_RECURSION = YES;
				CLANG_WARN_INT_CONVERSION = YES;
				CLANG_WARN_NON_LITERAL_NULL_CONVERSION = YES;
				CLANG_WARN_OBJC_IMPLICIT_RETAIN_SELF = YES;
				CLANG_WARN_OBJC_LITERAL_CONVERSION = YES;
				CLANG_WARN_OBJC_ROOT_CLASS = YES_ERROR;
				CLANG_WARN_QUOTED_INCLUDE_IN_FRAMEWORK_HEADER = YES;
				CLANG_WARN_RANGE_LOOP_ANALYSIS = YES;
				CLANG_WARN_STRICT_PROTOTYPES = YES;
				CLANG_WARN_SUSPICIOUS_MOVE = YES;
				CLANG_WARN_UNGUARDED_AVAILABILITY = YES_AGGRESSIVE;
				CLANG_WARN_UNREACHABLE_CODE = YES;
				CLANG_WARN__DUPLICATE_METHOD_MATCH = YES;
				COPY_PHASE_STRIP = NO;
				DEBUG_INFORMATION_FORMAT = "dwarf-with-dsym";
				ENABLE_NS_ASSERTIONS = NO;
				ENABLE_STRICT_OBJC_MSGSEND = YES;
				GCC_C_LANGUAGE_STANDARD = gnu11;
				GCC_NO_COMMON_BLOCKS = YES;
				GCC_WARN_64_TO_32_BIT_CONVERSION = YES;
				GCC_WARN_ABOUT_RETURN_TYPE = YES_ERROR;
				GCC_WARN_UNDECLARED_SELECTOR = YES;
				GCC_WARN_UNINITIALIZED_AUTOS = YES_AGGRESSIVE;
				GCC_WARN_UNUSED_FUNCTION = YES;
				GCC_WARN_UNUSED_VARIABLE = YES;
				IPHONEOS_DEPLOYMENT_TARGET = 15.4;
				MTL_ENABLE_DEBUG_INFO = NO;
				MTL_FAST_MATH = YES;
				SDKROOT = iphoneos;
				SWIFT_COMPILATION_MODE = wholemodule;
				SWIFT_OPTIMIZATION_LEVEL = "-O";
				VALIDATE_PRODUCT = YES;
			};
			name = Release;
		};
		144CA0FD2819371C0060A00D /* Debug */ = {
			isa = XCBuildConfiguration;
			buildSettings = {
				ASSETCATALOG_COMPILER_APPICON_NAME = AppIcon;
				ASSETCATALOG_COMPILER_GLOBAL_ACCENT_COLOR_NAME = AccentColor;
				CODE_SIGN_STYLE = Automatic;
				CURRENT_PROJECT_VERSION = 1;
				DEVELOPMENT_TEAM = 4C96B7697Z;
				GENERATE_INFOPLIST_FILE = YES;
				INFOPLIST_FILE = Creatoria/Info.plist;
				INFOPLIST_KEY_UIApplicationSupportsIndirectInputEvents = YES;
				INFOPLIST_KEY_UILaunchStoryboardName = LaunchScreen;
				INFOPLIST_KEY_UIMainStoryboardFile = Main;
				INFOPLIST_KEY_UISupportedInterfaceOrientations_iPad = "UIInterfaceOrientationPortrait UIInterfaceOrientationPortraitUpsideDown UIInterfaceOrientationLandscapeLeft UIInterfaceOrientationLandscapeRight";
				INFOPLIST_KEY_UISupportedInterfaceOrientations_iPhone = "UIInterfaceOrientationPortrait UIInterfaceOrientationLandscapeLeft UIInterfaceOrientationLandscapeRight";
				LD_RUNPATH_SEARCH_PATHS = (
					"$(inherited)",
					"@executable_path/Frameworks",
				);
				MARKETING_VERSION = 1.0;
				PRODUCT_BUNDLE_IDENTIFIER = com.nano1.Creatoria;
				PRODUCT_NAME = "$(TARGET_NAME)";
				SWIFT_EMIT_LOC_STRINGS = YES;
				SWIFT_VERSION = 5.0;
				TARGETED_DEVICE_FAMILY = "1,2";
			};
			name = Debug;
		};
		144CA0FE2819371C0060A00D /* Release */ = {
			isa = XCBuildConfiguration;
			buildSettings = {
				ASSETCATALOG_COMPILER_APPICON_NAME = AppIcon;
				ASSETCATALOG_COMPILER_GLOBAL_ACCENT_COLOR_NAME = AccentColor;
				CODE_SIGN_STYLE = Automatic;
				CURRENT_PROJECT_VERSION = 1;
				DEVELOPMENT_TEAM = 4C96B7697Z;
				GENERATE_INFOPLIST_FILE = YES;
				INFOPLIST_FILE = Creatoria/Info.plist;
				INFOPLIST_KEY_UIApplicationSupportsIndirectInputEvents = YES;
				INFOPLIST_KEY_UILaunchStoryboardName = LaunchScreen;
				INFOPLIST_KEY_UIMainStoryboardFile = Main;
				INFOPLIST_KEY_UISupportedInterfaceOrientations_iPad = "UIInterfaceOrientationPortrait UIInterfaceOrientationPortraitUpsideDown UIInterfaceOrientationLandscapeLeft UIInterfaceOrientationLandscapeRight";
				INFOPLIST_KEY_UISupportedInterfaceOrientations_iPhone = "UIInterfaceOrientationPortrait UIInterfaceOrientationLandscapeLeft UIInterfaceOrientationLandscapeRight";
				LD_RUNPATH_SEARCH_PATHS = (
					"$(inherited)",
					"@executable_path/Frameworks",
				);
				MARKETING_VERSION = 1.0;
				PRODUCT_BUNDLE_IDENTIFIER = com.nano1.Creatoria;
				PRODUCT_NAME = "$(TARGET_NAME)";
				SWIFT_EMIT_LOC_STRINGS = YES;
				SWIFT_VERSION = 5.0;
				TARGETED_DEVICE_FAMILY = "1,2";
			};
			name = Release;
		};
/* End XCBuildConfiguration section */

/* Begin XCConfigurationList section */
		144CA0E02819371B0060A00D /* Build configuration list for PBXProject "Creatoria" */ = {
			isa = XCConfigurationList;
			buildConfigurations = (
				144CA0FA2819371C0060A00D /* Debug */,
				144CA0FB2819371C0060A00D /* Release */,
			);
			defaultConfigurationIsVisible = 0;
			defaultConfigurationName = Release;
		};
		144CA0FC2819371C0060A00D /* Build configuration list for PBXNativeTarget "Creatoria" */ = {
			isa = XCConfigurationList;
			buildConfigurations = (
				144CA0FD2819371C0060A00D /* Debug */,
				144CA0FE2819371C0060A00D /* Release */,
			);
			defaultConfigurationIsVisible = 0;
			defaultConfigurationName = Release;
		};
/* End XCConfigurationList section */

/* Begin XCVersionGroup section */
		144CA0F12819371B0060A00D /* Creatoria.xcdatamodeld */ = {
			isa = XCVersionGroup;
			children = (
				144CA0F22819371B0060A00D /* Creatoria.xcdatamodel */,
			);
			currentVersion = 144CA0F22819371B0060A00D /* Creatoria.xcdatamodel */;
			path = Creatoria.xcdatamodeld;
			sourceTree = "<group>";
			versionGroupType = wrapper.xcdatamodel;
		};
/* End XCVersionGroup section */
	};
	rootObject = 144CA0DD2819371B0060A00D /* Project object */;
}
